// !$*UTF8*$!
{
	archiveVersion = 1;
	classes = {
	};
	objectVersion = 50;
	objects = {

/* Begin PBXBuildFile section */
		4C1B6561253054FD00BF774D /* control.c in Sources */ = {isa = PBXBuildFile; fileRef = 4C1B6560253054FD00BF774D /* control.c */; };
		4C1B656525305F2000BF774D /* game.c in Sources */ = {isa = PBXBuildFile; fileRef = 4C1B656425305F2000BF774D /* game.c */; };
		4C1B65762531553B00BF774D /* map.c in Sources */ = {isa = PBXBuildFile; fileRef = 4C1B65752531553B00BF774D /* map.c */; };
		4C1B657B25315F4600BF774D /* texture.c in Sources */ = {isa = PBXBuildFile; fileRef = 4C1B657A25315F4600BF774D /* texture.c */; };
		4C1B65872531D88C00BF774D /* window.c in Sources */ = {isa = PBXBuildFile; fileRef = 4C1B65862531D88C00BF774D /* window.c */; };
		4C1B65912531EA9A00BF774D /* raycast.c in Sources */ = {isa = PBXBuildFile; fileRef = 4C1B65902531EA9A00BF774D /* raycast.c */; };
		4C72598E2520863700A5404C /* main.c in Sources */ = {isa = PBXBuildFile; fileRef = 4C72598D2520863700A5404C /* main.c */; };
		4C7259AC2520A7E000A5404C /* player.c in Sources */ = {isa = PBXBuildFile; fileRef = 4C7259AB2520A7E000A5404C /* player.c */; };
/* End PBXBuildFile section */

/* Begin PBXCopyFilesBuildPhase section */
		4C7259882520863700A5404C /* CopyFiles */ = {
			isa = PBXCopyFilesBuildPhase;
			buildActionMask = 2147483647;
			dstPath = /usr/share/man/man1/;
			dstSubfolderSpec = 0;
			files = (
			);
			runOnlyForDeploymentPostprocessing = 1;
		};
/* End PBXCopyFilesBuildPhase section */

/* Begin PBXFileReference section */
		4C14DF752525A24200D6F396 /* player.h */ = {isa = PBXFileReference; lastKnownFileType = sourcecode.c.h; path = player.h; sourceTree = "<group>"; };
		4C1B655C253031DA00BF774D /* wood.xpm */ = {isa = PBXFileReference; lastKnownFileType = text; path = wood.xpm; sourceTree = "<group>"; };
		4C1B655F253054FD00BF774D /* control.h */ = {isa = PBXFileReference; lastKnownFileType = sourcecode.c.h; path = control.h; sourceTree = "<group>"; };
		4C1B6560253054FD00BF774D /* control.c */ = {isa = PBXFileReference; lastKnownFileType = sourcecode.c.c; path = control.c; sourceTree = "<group>"; };
		4C1B656325305F2000BF774D /* game.h */ = {isa = PBXFileReference; lastKnownFileType = sourcecode.c.h; path = game.h; sourceTree = "<group>"; };
		4C1B656425305F2000BF774D /* game.c */ = {isa = PBXFileReference; lastKnownFileType = sourcecode.c.c; path = game.c; sourceTree = "<group>"; };
		4C1B65742531553B00BF774D /* map.h */ = {isa = PBXFileReference; lastKnownFileType = sourcecode.c.h; path = map.h; sourceTree = "<group>"; };
		4C1B65752531553B00BF774D /* map.c */ = {isa = PBXFileReference; lastKnownFileType = sourcecode.c.c; path = map.c; sourceTree = "<group>"; };
		4C1B657925315F4600BF774D /* texture.h */ = {isa = PBXFileReference; lastKnownFileType = sourcecode.c.h; path = texture.h; sourceTree = "<group>"; };
		4C1B657A25315F4600BF774D /* texture.c */ = {isa = PBXFileReference; lastKnownFileType = sourcecode.c.c; path = texture.c; sourceTree = "<group>"; };
		4C1B65852531D88C00BF774D /* window.h */ = {isa = PBXFileReference; lastKnownFileType = sourcecode.c.h; path = window.h; sourceTree = "<group>"; };
		4C1B65862531D88C00BF774D /* window.c */ = {isa = PBXFileReference; lastKnownFileType = sourcecode.c.c; path = window.c; sourceTree = "<group>"; };
		4C1B658C2531E82600BF774D /* type.h */ = {isa = PBXFileReference; lastKnownFileType = sourcecode.c.h; path = type.h; sourceTree = "<group>"; };
		4C1B658F2531EA9A00BF774D /* raycast.h */ = {isa = PBXFileReference; lastKnownFileType = sourcecode.c.h; path = raycast.h; sourceTree = "<group>"; };
		4C1B65902531EA9A00BF774D /* raycast.c */ = {isa = PBXFileReference; lastKnownFileType = sourcecode.c.c; path = raycast.c; sourceTree = "<group>"; };
		4C72598A2520863700A5404C /* cub3d */ = {isa = PBXFileReference; explicitFileType = "compiled.mach-o.executable"; includeInIndex = 0; path = cub3d; sourceTree = BUILT_PRODUCTS_DIR; };
		4C72598D2520863700A5404C /* main.c */ = {isa = PBXFileReference; lastKnownFileType = sourcecode.c.c; path = main.c; sourceTree = "<group>"; };
		4C7259952520865300A5404C /* cub3d.h */ = {isa = PBXFileReference; fileEncoding = 4; lastKnownFileType = sourcecode.c.h; path = cub3d.h; sourceTree = "<group>"; };
		4C7259AB2520A7E000A5404C /* player.c */ = {isa = PBXFileReference; lastKnownFileType = sourcecode.c.c; path = player.c; sourceTree = "<group>"; };
/* End PBXFileReference section */

/* Begin PBXFrameworksBuildPhase section */
		4C7259872520863700A5404C /* Frameworks */ = {
			isa = PBXFrameworksBuildPhase;
			buildActionMask = 2147483647;
			files = (
			);
			runOnlyForDeploymentPostprocessing = 0;
		};
/* End PBXFrameworksBuildPhase section */

/* Begin PBXGroup section */
		4C7259812520863700A5404C = {
			isa = PBXGroup;
			children = (
				4C72598C2520863700A5404C /* cub3d */,
				4C72598B2520863700A5404C /* Products */,
				4C72599E252086B200A5404C /* Frameworks */,
			);
			sourceTree = "<group>";
		};
		4C72598B2520863700A5404C /* Products */ = {
			isa = PBXGroup;
			children = (
				4C72598A2520863700A5404C /* cub3d */,
			);
			name = Products;
			sourceTree = "<group>";
		};
		4C72598C2520863700A5404C /* cub3d */ = {
			isa = PBXGroup;
			children = (
				4C1B6560253054FD00BF774D /* control.c */,
				4C1B655F253054FD00BF774D /* control.h */,
				4C7259952520865300A5404C /* cub3d.h */,
				4C1B656425305F2000BF774D /* game.c */,
				4C1B656325305F2000BF774D /* game.h */,
				4C72598D2520863700A5404C /* main.c */,
				4C1B65752531553B00BF774D /* map.c */,
				4C1B65742531553B00BF774D /* map.h */,
				4C7259AB2520A7E000A5404C /* player.c */,
				4C14DF752525A24200D6F396 /* player.h */,
				4C1B655C253031DA00BF774D /* wood.xpm */,
				4C1B657925315F4600BF774D /* texture.h */,
				4C1B657A25315F4600BF774D /* texture.c */,
				4C1B65852531D88C00BF774D /* window.h */,
				4C1B65862531D88C00BF774D /* window.c */,
				4C1B658C2531E82600BF774D /* type.h */,
				4C1B658F2531EA9A00BF774D /* raycast.h */,
				4C1B65902531EA9A00BF774D /* raycast.c */,
			);
			path = cub3d;
			sourceTree = "<group>";
		};
		4C72599E252086B200A5404C /* Frameworks */ = {
			isa = PBXGroup;
			children = (
			);
			name = Frameworks;
			sourceTree = "<group>";
		};
/* End PBXGroup section */

/* Begin PBXNativeTarget section */
		4C7259892520863700A5404C /* cub3d */ = {
			isa = PBXNativeTarget;
			buildConfigurationList = 4C7259912520863700A5404C /* Build configuration list for PBXNativeTarget "cub3d" */;
			buildPhases = (
				4C7259862520863700A5404C /* Sources */,
				4C7259872520863700A5404C /* Frameworks */,
				4C7259882520863700A5404C /* CopyFiles */,
			);
			buildRules = (
			);
			dependencies = (
			);
			name = cub3d;
			productName = cub3d;
			productReference = 4C72598A2520863700A5404C /* cub3d */;
			productType = "com.apple.product-type.tool";
		};
/* End PBXNativeTarget section */

/* Begin PBXProject section */
		4C7259822520863700A5404C /* Project object */ = {
			isa = PBXProject;
			attributes = {
				LastUpgradeCheck = 1200;
				TargetAttributes = {
					4C7259892520863700A5404C = {
						CreatedOnToolsVersion = 12.0.1;
					};
				};
			};
			buildConfigurationList = 4C7259852520863700A5404C /* Build configuration list for PBXProject "cub3d" */;
			compatibilityVersion = "Xcode 9.3";
			developmentRegion = en;
			hasScannedForEncodings = 0;
			knownRegions = (
				en,
				Base,
			);
			mainGroup = 4C7259812520863700A5404C;
			productRefGroup = 4C72598B2520863700A5404C /* Products */;
			projectDirPath = "";
			projectRoot = "";
			targets = (
				4C7259892520863700A5404C /* cub3d */,
			);
		};
/* End PBXProject section */

/* Begin PBXSourcesBuildPhase section */
		4C7259862520863700A5404C /* Sources */ = {
			isa = PBXSourcesBuildPhase;
			buildActionMask = 2147483647;
			files = (
				4C72598E2520863700A5404C /* main.c in Sources */,
				4C1B65912531EA9A00BF774D /* raycast.c in Sources */,
				4C7259AC2520A7E000A5404C /* player.c in Sources */,
				4C1B65872531D88C00BF774D /* window.c in Sources */,
				4C1B657B25315F4600BF774D /* texture.c in Sources */,
				4C1B656525305F2000BF774D /* game.c in Sources */,
				4C1B6561253054FD00BF774D /* control.c in Sources */,
				4C1B65762531553B00BF774D /* map.c in Sources */,
			);
			runOnlyForDeploymentPostprocessing = 0;
		};
/* End PBXSourcesBuildPhase section */

/* Begin XCBuildConfiguration section */
		4C72598F2520863700A5404C /* Debug */ = {
			isa = XCBuildConfiguration;
			buildSettings = {
				ALWAYS_SEARCH_USER_PATHS = NO;
				CLANG_ANALYZER_NONNULL = YES;
				CLANG_ANALYZER_NUMBER_OBJECT_CONVERSION = YES_AGGRESSIVE;
				CLANG_CXX_LANGUAGE_STANDARD = "gnu++14";
				CLANG_CXX_LIBRARY = "libc++";
				CLANG_ENABLE_MODULES = YES;
				CLANG_ENABLE_OBJC_ARC = YES;
				CLANG_ENABLE_OBJC_WEAK = YES;
				CLANG_WARN_BLOCK_CAPTURE_AUTORELEASING = YES;
				CLANG_WARN_BOOL_CONVERSION = YES;
				CLANG_WARN_COMMA = YES;
				CLANG_WARN_CONSTANT_CONVERSION = YES;
				CLANG_WARN_DEPRECATED_OBJC_IMPLEMENTATIONS = YES;
				CLANG_WARN_DIRECT_OBJC_ISA_USAGE = YES_ERROR;
				CLANG_WARN_DOCUMENTATION_COMMENTS = YES;
				CLANG_WARN_EMPTY_BODY = YES;
				CLANG_WARN_ENUM_CONVERSION = YES;
				CLANG_WARN_INFINITE_RECURSION = YES;
				CLANG_WARN_INT_CONVERSION = YES;
				CLANG_WARN_NON_LITERAL_NULL_CONVERSION = YES;
				CLANG_WARN_OBJC_IMPLICIT_RETAIN_SELF = YES;
				CLANG_WARN_OBJC_LITERAL_CONVERSION = YES;
				CLANG_WARN_OBJC_ROOT_CLASS = YES_ERROR;
				CLANG_WARN_QUOTED_INCLUDE_IN_FRAMEWORK_HEADER = YES;
				CLANG_WARN_RANGE_LOOP_ANALYSIS = YES;
				CLANG_WARN_STRICT_PROTOTYPES = YES;
				CLANG_WARN_SUSPICIOUS_MOVE = YES;
				CLANG_WARN_UNGUARDED_AVAILABILITY = YES_AGGRESSIVE;
				CLANG_WARN_UNREACHABLE_CODE = YES;
				CLANG_WARN__DUPLICATE_METHOD_MATCH = YES;
				COPY_PHASE_STRIP = NO;
				DEBUG_INFORMATION_FORMAT = dwarf;
				ENABLE_STRICT_OBJC_MSGSEND = YES;
				ENABLE_TESTABILITY = YES;
				GCC_C_LANGUAGE_STANDARD = gnu11;
				GCC_DYNAMIC_NO_PIC = NO;
				GCC_NO_COMMON_BLOCKS = YES;
				GCC_OPTIMIZATION_LEVEL = 0;
				GCC_PREPROCESSOR_DEFINITIONS = (
					"DEBUG=1",
					"$(inherited)",
				);
				GCC_WARN_64_TO_32_BIT_CONVERSION = YES;
				GCC_WARN_ABOUT_RETURN_TYPE = YES_ERROR;
				GCC_WARN_UNDECLARED_SELECTOR = YES;
				GCC_WARN_UNINITIALIZED_AUTOS = YES_AGGRESSIVE;
				GCC_WARN_UNUSED_FUNCTION = YES;
				GCC_WARN_UNUSED_VARIABLE = YES;
				HEADER_SEARCH_PATHS = /usr/local/include;
				LIBRARY_SEARCH_PATHS = /usr/local/lib;
				MACOSX_DEPLOYMENT_TARGET = 10.15;
				MTL_ENABLE_DEBUG_INFO = INCLUDE_SOURCE;
				MTL_FAST_MATH = YES;
				ONLY_ACTIVE_ARCH = YES;
				OTHER_CFLAGS = "";
				SDKROOT = macosx;
			};
			name = Debug;
		};
		4C7259902520863700A5404C /* Release */ = {
			isa = XCBuildConfiguration;
			buildSettings = {
				ALWAYS_SEARCH_USER_PATHS = NO;
				CLANG_ANALYZER_NONNULL = YES;
				CLANG_ANALYZER_NUMBER_OBJECT_CONVERSION = YES_AGGRESSIVE;
				CLANG_CXX_LANGUAGE_STANDARD = "gnu++14";
				CLANG_CXX_LIBRARY = "libc++";
				CLANG_ENABLE_MODULES = YES;
				CLANG_ENABLE_OBJC_ARC = YES;
				CLANG_ENABLE_OBJC_WEAK = YES;
				CLANG_WARN_BLOCK_CAPTURE_AUTORELEASING = YES;
				CLANG_WARN_BOOL_CONVERSION = YES;
				CLANG_WARN_COMMA = YES;
				CLANG_WARN_CONSTANT_CONVERSION = YES;
				CLANG_WARN_DEPRECATED_OBJC_IMPLEMENTATIONS = YES;
				CLANG_WARN_DIRECT_OBJC_ISA_USAGE = YES_ERROR;
				CLANG_WARN_DOCUMENTATION_COMMENTS = YES;
				CLANG_WARN_EMPTY_BODY = YES;
				CLANG_WARN_ENUM_CONVERSION = YES;
				CLANG_WARN_INFINITE_RECURSION = YES;
				CLANG_WARN_INT_CONVERSION = YES;
				CLANG_WARN_NON_LITERAL_NULL_CONVERSION = YES;
				CLANG_WARN_OBJC_IMPLICIT_RETAIN_SELF = YES;
				CLANG_WARN_OBJC_LITERAL_CONVERSION = YES;
				CLANG_WARN_OBJC_ROOT_CLASS = YES_ERROR;
				CLANG_WARN_QUOTED_INCLUDE_IN_FRAMEWORK_HEADER = YES;
				CLANG_WARN_RANGE_LOOP_ANALYSIS = YES;
				CLANG_WARN_STRICT_PROTOTYPES = YES;
				CLANG_WARN_SUSPICIOUS_MOVE = YES;
				CLANG_WARN_UNGUARDED_AVAILABILITY = YES_AGGRESSIVE;
				CLANG_WARN_UNREACHABLE_CODE = YES;
				CLANG_WARN__DUPLICATE_METHOD_MATCH = YES;
				COPY_PHASE_STRIP = NO;
				DEBUG_INFORMATION_FORMAT = "dwarf-with-dsym";
				ENABLE_NS_ASSERTIONS = NO;
				ENABLE_STRICT_OBJC_MSGSEND = YES;
				GCC_C_LANGUAGE_STANDARD = gnu11;
				GCC_NO_COMMON_BLOCKS = YES;
				GCC_WARN_64_TO_32_BIT_CONVERSION = YES;
				GCC_WARN_ABOUT_RETURN_TYPE = YES_ERROR;
				GCC_WARN_UNDECLARED_SELECTOR = YES;
				GCC_WARN_UNINITIALIZED_AUTOS = YES_AGGRESSIVE;
				GCC_WARN_UNUSED_FUNCTION = YES;
				GCC_WARN_UNUSED_VARIABLE = YES;
				HEADER_SEARCH_PATHS = /usr/local/include;
				LIBRARY_SEARCH_PATHS = /usr/local/lib;
				MACOSX_DEPLOYMENT_TARGET = 10.15;
				MTL_ENABLE_DEBUG_INFO = NO;
				MTL_FAST_MATH = YES;
				OTHER_CFLAGS = "";
				SDKROOT = macosx;
			};
			name = Release;
		};
		4C7259922520863700A5404C /* Debug */ = {
			isa = XCBuildConfiguration;
			buildSettings = {
				CODE_SIGN_STYLE = Automatic;
				OTHER_LDFLAGS = (
					"-lmlx",
					"-framework",
					OpenGL,
					"-framework",
					AppKit,
				);
				PRODUCT_NAME = "$(TARGET_NAME)";
			};
			name = Debug;
		};
		4C7259932520863700A5404C /* Release */ = {
			isa = XCBuildConfiguration;
			buildSettings = {
				CODE_SIGN_STYLE = Automatic;
				OTHER_LDFLAGS = (
					"-lmlx",
					"-framework",
					OpenGL,
					"-framework",
					AppKit,
				);
				PRODUCT_NAME = "$(TARGET_NAME)";
			};
			name = Release;
		};
/* End XCBuildConfiguration section */

/* Begin XCConfigurationList section */
		4C7259852520863700A5404C /* Build configuration list for PBXProject "cub3d" */ = {
			isa = XCConfigurationList;
			buildConfigurations = (
				4C72598F2520863700A5404C /* Debug */,
				4C7259902520863700A5404C /* Release */,
			);
			defaultConfigurationIsVisible = 0;
			defaultConfigurationName = Release;
		};
		4C7259912520863700A5404C /* Build configuration list for PBXNativeTarget "cub3d" */ = {
			isa = XCConfigurationList;
			buildConfigurations = (
				4C7259922520863700A5404C /* Debug */,
				4C7259932520863700A5404C /* Release */,
			);
			defaultConfigurationIsVisible = 0;
			defaultConfigurationName = Release;
		};
/* End XCConfigurationList section */
	};
	rootObject = 4C7259822520863700A5404C /* Project object */;
}
